
Microsoft Visual Studio Solution File, Format Version 12.00
# Visual Studio Version 17
VisualStudioVersion = 17.2.32602.215
MinimumVisualStudioVersion = 10.0.40219.1
Project("{FAE04EC0-301F-11D3-BF4B-00C04F79EFBC}") = "EjercicioDeDiseño.UWP", "EjercicioDeDiseño\EjercicioDeDiseño.UWP\EjercicioDeDiseño.UWP.csproj", "{633B10F1-5E09-4215-8D48-CB5F520D0376}"
EndProject
Project("{FAE04EC0-301F-11D3-BF4B-00C04F79EFBC}") = "EjercicioDeDiseño.Android", "EjercicioDeDiseño\EjercicioDeDiseño.Android\EjercicioDeDiseño.Android.csproj", "{7F0B0437-F603-4548-AE56-F26F32423F8D}"
EndProject
Project("{FAE04EC0-301F-11D3-BF4B-00C04F79EFBC}") = "EjercicioDeDiseño.iOS", "EjercicioDeDiseño\EjercicioDeDiseño.iOS\EjercicioDeDiseño.iOS.csproj", "{3AC69382-C6F5-4EDD-A557-7B5CB3C795DE}"
EndProject
Project("{FAE04EC0-301F-11D3-BF4B-00C04F79EFBC}") = "EjercicioDeDiseño", "EjercicioDeDiseño\EjercicioDeDiseño\EjercicioDeDiseño.csproj", "{5477D8F7-4C17-49AC-88DA-DE25E15C9216}"
EndProject
Global
	GlobalSection(SolutionConfigurationPlatforms) = preSolution
		Debug|Any CPU = Debug|Any CPU
		Debug|ARM = Debug|ARM
		Debug|iPhone = Debug|iPhone
		Debug|iPhoneSimulator = Debug|iPhoneSimulator
		Debug|x64 = Debug|x64
		Debug|x86 = Debug|x86
		Release|Any CPU = Release|Any CPU
		Release|ARM = Release|ARM
		Release|iPhone = Release|iPhone
		Release|iPhoneSimulator = Release|iPhoneSimulator
		Release|x64 = Release|x64
		Release|x86 = Release|x86
	EndGlobalSection
	GlobalSection(ProjectConfigurationPlatforms) = postSolution
		{633B10F1-5E09-4215-8D48-CB5F520D0376}.Debug|Any CPU.ActiveCfg = Debug|x64
		{633B10F1-5E09-4215-8D48-CB5F520D0376}.Debug|Any CPU.Build.0 = Debug|x64
		{633B10F1-5E09-4215-8D48-CB5F520D0376}.Debug|Any CPU.Deploy.0 = Debug|x64
		{633B10F1-5E09-4215-8D48-CB5F520D0376}.Debug|ARM.ActiveCfg = Debug|ARM
		{633B10F1-5E09-4215-8D48-CB5F520D0376}.Debug|ARM.Build.0 = Debug|ARM
		{633B10F1-5E09-4215-8D48-CB5F520D0376}.Debug|ARM.Deploy.0 = Debug|ARM
		{633B10F1-5E09-4215-8D48-CB5F520D0376}.Debug|iPhone.ActiveCfg = Debug|x64
		{633B10F1-5E09-4215-8D48-CB5F520D0376}.Debug|iPhone.Build.0 = Debug|x64
		{633B10F1-5E09-4215-8D48-CB5F520D0376}.Debug|iPhone.Deploy.0 = Debug|x64
		{633B10F1-5E09-4215-8D48-CB5F520D0376}.Debug|iPhoneSimulator.ActiveCfg = Debug|x64
		{633B10F1-5E09-4215-8D48-CB5F520D0376}.Debug|iPhoneSimulator.Build.0 = Debug|x64
		{633B10F1-5E09-4215-8D48-CB5F520D0376}.Debug|iPhoneSimulator.Deploy.0 = Debug|x64
		{633B10F1-5E09-4215-8D48-CB5F520D0376}.Debug|x64.ActiveCfg = Debug|x64
		{633B10F1-5E09-4215-8D48-CB5F520D0376}.Debug|x64.Build.0 = Debug|x64
		{633B10F1-5E09-4215-8D48-CB5F520D0376}.Debug|x64.Deploy.0 = Debug|x64
		{633B10F1-5E09-4215-8D48-CB5F520D0376}.Debug|x86.ActiveCfg = Debug|x86
		{633B10F1-5E09-4215-8D48-CB5F520D0376}.Debug|x86.Build.0 = Debug|x86
		{633B10F1-5E09-4215-8D48-CB5F520D0376}.Debug|x86.Deploy.0 = Debug|x86
		{633B10F1-5E09-4215-8D48-CB5F520D0376}.Release|Any CPU.ActiveCfg = Release|x64
		{633B10F1-5E09-4215-8D48-CB5F520D0376}.Release|Any CPU.Build.0 = Release|x64
		{633B10F1-5E09-4215-8D48-CB5F520D0376}.Release|Any CPU.Deploy.0 = Release|x64
		{633B10F1-5E09-4215-8D48-CB5F520D0376}.Release|ARM.ActiveCfg = Release|ARM
		{633B10F1-5E09-4215-8D48-CB5F520D0376}.Release|ARM.Build.0 = Release|ARM
		{633B10F1-5E09-4215-8D48-CB5F520D0376}.Release|ARM.Deploy.0 = Release|ARM
		{633B10F1-5E09-4215-8D48-CB5F520D0376}.Release|iPhone.ActiveCfg = Release|x64
		{633B10F1-5E09-4215-8D48-CB5F520D0376}.Release|iPhone.Build.0 = Release|x64
		{633B10F1-5E09-4215-8D48-CB5F520D0376}.Release|iPhone.Deploy.0 = Release|x64
		{633B10F1-5E09-4215-8D48-CB5F520D0376}.Release|iPhoneSimulator.ActiveCfg = Release|x64
		{633B10F1-5E09-4215-8D48-CB5F520D0376}.Release|iPhoneSimulator.Build.0 = Release|x64
		{633B10F1-5E09-4215-8D48-CB5F520D0376}.Release|iPhoneSimulator.Deploy.0 = Release|x64
		{633B10F1-5E09-4215-8D48-CB5F520D0376}.Release|x64.ActiveCfg = Release|x64
		{633B10F1-5E09-4215-8D48-CB5F520D0376}.Release|x64.Build.0 = Release|x64
		{633B10F1-5E09-4215-8D48-CB5F520D0376}.Release|x64.Deploy.0 = Release|x64
		{633B10F1-5E09-4215-8D48-CB5F520D0376}.Release|x86.ActiveCfg = Release|x86
		{633B10F1-5E09-4215-8D48-CB5F520D0376}.Release|x86.Build.0 = Release|x86
		{633B10F1-5E09-4215-8D48-CB5F520D0376}.Release|x86.Deploy.0 = Release|x86
		{7F0B0437-F603-4548-AE56-F26F32423F8D}.Debug|Any CPU.ActiveCfg = Debug|Any CPU
		{7F0B0437-F603-4548-AE56-F26F32423F8D}.Debug|Any CPU.Build.0 = Debug|Any CPU
		{7F0B0437-F603-4548-AE56-F26F32423F8D}.Debug|Any CPU.Deploy.0 = Debug|Any CPU
		{7F0B0437-F603-4548-AE56-F26F32423F8D}.Debug|ARM.ActiveCfg = Debug|Any CPU
		{7F0B0437-F603-4548-AE56-F26F32423F8D}.Debug|ARM.Build.0 = Debug|Any CPU
		{7F0B0437-F603-4548-AE56-F26F32423F8D}.Debug|ARM.Deploy.0 = Debug|Any CPU
		{7F0B0437-F603-4548-AE56-F26F32423F8D}.Debug|iPhone.ActiveCfg = Debug|Any CPU
		{7F0B0437-F603-4548-AE56-F26F32423F8D}.Debug|iPhone.Build.0 = Debug|Any CPU
		{7F0B0437-F603-4548-AE56-F26F32423F8D}.Debug|iPhone.Deploy.0 = Debug|Any CPU
		{7F0B0437-F603-4548-AE56-F26F32423F8D}.Debug|iPhoneSimulator.ActiveCfg = Debug|Any CPU
		{7F0B0437-F603-4548-AE56-F26F32423F8D}.Debug|iPhoneSimulator.Build.0 = Debug|Any CPU
		{7F0B0437-F603-4548-AE56-F26F32423F8D}.Debug|iPhoneSimulator.Deploy.0 = Debug|Any CPU
		{7F0B0437-F603-4548-AE56-F26F32423F8D}.Debug|x64.ActiveCfg = Debug|Any CPU
		{7F0B0437-F603-4548-AE56-F26F32423F8D}.Debug|x64.Build.0 = Debug|Any CPU
		{7F0B0437-F603-4548-AE56-F26F32423F8D}.Debug|x64.Deploy.0 = Debug|Any CPU
		{7F0B0437-F603-4548-AE56-F26F32423F8D}.Debug|x86.ActiveCfg = Debug|Any CPU
		{7F0B0437-F603-4548-AE56-F26F32423F8D}.Debug|x86.Build.0 = Debug|Any CPU
		{7F0B0437-F603-4548-AE56-F26F32423F8D}.Debug|x86.Deploy.0 = Debug|Any CPU
		{7F0B0437-F603-4548-AE56-F26F32423F8D}.Release|Any CPU.ActiveCfg = Release|Any CPU
		{7F0B0437-F603-4548-AE56-F26F32423F8D}.Release|Any CPU.Build.0 = Release|Any CPU
		{7F0B0437-F603-4548-AE56-F26F32423F8D}.Release|Any CPU.Deploy.0 = Release|Any CPU
		{7F0B0437-F603-4548-AE56-F26F32423F8D}.Release|ARM.ActiveCfg = Release|Any CPU
		{7F0B0437-F603-4548-AE56-F26F32423F8D}.Release|ARM.Build.0 = Release|Any CPU
		{7F0B0437-F603-4548-AE56-F26F32423F8D}.Release|ARM.Deploy.0 = Release|Any CPU
		{7F0B0437-F603-4548-AE56-F26F32423F8D}.Release|iPhone.ActiveCfg = Release|Any CPU
		{7F0B0437-F603-4548-AE56-F26F32423F8D}.Release|iPhone.Build.0 = Release|Any CPU
		{7F0B0437-F603-4548-AE56-F26F32423F8D}.Release|iPhone.Deploy.0 = Release|Any CPU
		{7F0B0437-F603-4548-AE56-F26F32423F8D}.Release|iPhoneSimulator.ActiveCfg = Release|Any CPU
		{7F0B0437-F603-4548-AE56-F26F32423F8D}.Release|iPhoneSimulator.Build.0 = Release|Any CPU
		{7F0B0437-F603-4548-AE56-F26F32423F8D}.Release|iPhoneSimulator.Deploy.0 = Release|Any CPU
		{7F0B0437-F603-4548-AE56-F26F32423F8D}.Release|x64.ActiveCfg = Release|Any CPU
		{7F0B0437-F603-4548-AE56-F26F32423F8D}.Release|x64.Build.0 = Release|Any CPU
		{7F0B0437-F603-4548-AE56-F26F32423F8D}.Release|x64.Deploy.0 = Release|Any CPU
		{7F0B0437-F603-4548-AE56-F26F32423F8D}.Release|x86.ActiveCfg = Release|Any CPU
		{7F0B0437-F603-4548-AE56-F26F32423F8D}.Release|x86.Build.0 = Release|Any CPU
		{7F0B0437-F603-4548-AE56-F26F32423F8D}.Release|x86.Deploy.0 = Release|Any CPU
		{3AC69382-C6F5-4EDD-A557-7B5CB3C795DE}.Debug|Any CPU.ActiveCfg = Debug|iPhoneSimulator
		{3AC69382-C6F5-4EDD-A557-7B5CB3C795DE}.Debug|Any CPU.Build.0 = Debug|iPhoneSimulator
		{3AC69382-C6F5-4EDD-A557-7B5CB3C795DE}.Debug|Any CPU.Deploy.0 = Debug|iPhoneSimulator
		{3AC69382-C6F5-4EDD-A557-7B5CB3C795DE}.Debug|ARM.ActiveCfg = Debug|iPhoneSimulator
		{3AC69382-C6F5-4EDD-A557-7B5CB3C795DE}.Debug|ARM.Build.0 = Debug|iPhoneSimulator
		{3AC69382-C6F5-4EDD-A557-7B5CB3C795DE}.Debug|ARM.Deploy.0 = Debug|iPhoneSimulator
		{3AC69382-C6F5-4EDD-A557-7B5CB3C795DE}.Debug|iPhone.ActiveCfg = Debug|iPhone
		{3AC69382-C6F5-4EDD-A557-7B5CB3C795DE}.Debug|iPhone.Build.0 = Debug|iPhone
		{3AC69382-C6F5-4EDD-A557-7B5CB3C795DE}.Debug|iPhone.Deploy.0 = Debug|iPhone
		{3AC69382-C6F5-4EDD-A557-7B5CB3C795DE}.Debug|iPhoneSimulator.ActiveCfg = Debug|iPhoneSimulator
		{3AC69382-C6F5-4EDD-A557-7B5CB3C795DE}.Debug|iPhoneSimulator.Build.0 = Debug|iPhoneSimulator
		{3AC69382-C6F5-4EDD-A557-7B5CB3C795DE}.Debug|iPhoneSimulator.Deploy.0 = Debug|iPhoneSimulator
		{3AC69382-C6F5-4EDD-A557-7B5CB3C795DE}.Debug|x64.ActiveCfg = Debug|iPhone
		{3AC69382-C6F5-4EDD-A557-7B5CB3C795DE}.Debug|x64.Build.0 = Debug|iPhone
		{3AC69382-C6F5-4EDD-A557-7B5CB3C795DE}.Debug|x64.Deploy.0 = Debug|iPhone
		{3AC69382-C6F5-4EDD-A557-7B5CB3C795DE}.Debug|x86.ActiveCfg = Debug|iPhoneSimulator
		{3AC69382-C6F5-4EDD-A557-7B5CB3C795DE}.Debug|x86.Build.0 = Debug|iPhoneSimulator
		{3AC69382-C6F5-4EDD-A557-7B5CB3C795DE}.Debug|x86.Deploy.0 = Debug|iPhoneSimulator
		{3AC69382-C6F5-4EDD-A557-7B5CB3C795DE}.Release|Any CPU.ActiveCfg = Release|iPhoneSimulator
		{3AC69382-C6F5-4EDD-A557-7B5CB3C795DE}.Release|Any CPU.Build.0 = Release|iPhoneSimulator
		{3AC69382-C6F5-4EDD-A557-7B5CB3C795DE}.Release|Any CPU.Deploy.0 = Release|iPhoneSimulator
		{3AC69382-C6F5-4EDD-A557-7B5CB3C795DE}.Release|ARM.ActiveCfg = Release|iPhoneSimulator
		{3AC69382-C6F5-4EDD-A557-7B5CB3C795DE}.Release|ARM.Build.0 = Release|iPhoneSimulator
		{3AC69382-C6F5-4EDD-A557-7B5CB3C795DE}.Release|ARM.Deploy.0 = Release|iPhoneSimulator
		{3AC69382-C6F5-4EDD-A557-7B5CB3C795DE}.Release|iPhone.ActiveCfg = Release|iPhone
		{3AC69382-C6F5-4EDD-A557-7B5CB3C795DE}.Release|iPhone.Build.0 = Release|iPhone
		{3AC69382-C6F5-4EDD-A557-7B5CB3C795DE}.Release|iPhone.Deploy.0 = Release|iPhone
		{3AC69382-C6F5-4EDD-A557-7B5CB3C795DE}.Release|iPhoneSimulator.ActiveCfg = Release|iPhoneSimulator
		{3AC69382-C6F5-4EDD-A557-7B5CB3C795DE}.Release|iPhoneSimulator.Build.0 = Release|iPhoneSimulator
		{3AC69382-C6F5-4EDD-A557-7B5CB3C795DE}.Release|iPhoneSimulator.Deploy.0 = Release|iPhoneSimulator
		{3AC69382-C6F5-4EDD-A557-7B5CB3C795DE}.Release|x64.ActiveCfg = Release|iPhoneSimulator
		{3AC69382-C6F5-4EDD-A557-7B5CB3C795DE}.Release|x64.Build.0 = Release|iPhoneSimulator
		{3AC69382-C6F5-4EDD-A557-7B5CB3C795DE}.Release|x64.Deploy.0 = Release|iPhoneSimulator
		{3AC69382-C6F5-4EDD-A557-7B5CB3C795DE}.Release|x86.ActiveCfg = Release|iPhoneSimulator
		{3AC69382-C6F5-4EDD-A557-7B5CB3C795DE}.Release|x86.Build.0 = Release|iPhoneSimulator
		{3AC69382-C6F5-4EDD-A557-7B5CB3C795DE}.Release|x86.Deploy.0 = Release|iPhoneSimulator
		{5477D8F7-4C17-49AC-88DA-DE25E15C9216}.Debug|Any CPU.ActiveCfg = Debug|Any CPU
		{5477D8F7-4C17-49AC-88DA-DE25E15C9216}.Debug|Any CPU.Build.0 = Debug|Any CPU
		{5477D8F7-4C17-49AC-88DA-DE25E15C9216}.Debug|Any CPU.Deploy.0 = Debug|Any CPU
		{5477D8F7-4C17-49AC-88DA-DE25E15C9216}.Debug|ARM.ActiveCfg = Debug|Any CPU
		{5477D8F7-4C17-49AC-88DA-DE25E15C9216}.Debug|ARM.Build.0 = Debug|Any CPU
		{5477D8F7-4C17-49AC-88DA-DE25E15C9216}.Debug|ARM.Deploy.0 = Debug|Any CPU
		{5477D8F7-4C17-49AC-88DA-DE25E15C9216}.Debug|iPhone.ActiveCfg = Debug|Any CPU
		{5477D8F7-4C17-49AC-88DA-DE25E15C9216}.Debug|iPhone.Build.0 = Debug|Any CPU
		{5477D8F7-4C17-49AC-88DA-DE25E15C9216}.Debug|iPhone.Deploy.0 = Debug|Any CPU
		{5477D8F7-4C17-49AC-88DA-DE25E15C9216}.Debug|iPhoneSimulator.ActiveCfg = Debug|Any CPU
		{5477D8F7-4C17-49AC-88DA-DE25E15C9216}.Debug|iPhoneSimulator.Build.0 = Debug|Any CPU
		{5477D8F7-4C17-49AC-88DA-DE25E15C9216}.Debug|iPhoneSimulator.Deploy.0 = Debug|Any CPU
		{5477D8F7-4C17-49AC-88DA-DE25E15C9216}.Debug|x64.ActiveCfg = Debug|Any CPU
		{5477D8F7-4C17-49AC-88DA-DE25E15C9216}.Debug|x64.Build.0 = Debug|Any CPU
		{5477D8F7-4C17-49AC-88DA-DE25E15C9216}.Debug|x64.Deploy.0 = Debug|Any CPU
		{5477D8F7-4C17-49AC-88DA-DE25E15C9216}.Debug|x86.ActiveCfg = Debug|Any CPU
		{5477D8F7-4C17-49AC-88DA-DE25E15C9216}.Debug|x86.Build.0 = Debug|Any CPU
		{5477D8F7-4C17-49AC-88DA-DE25E15C9216}.Debug|x86.Deploy.0 = Debug|Any CPU
		{5477D8F7-4C17-49AC-88DA-DE25E15C9216}.Release|Any CPU.ActiveCfg = Release|Any CPU
		{5477D8F7-4C17-49AC-88DA-DE25E15C9216}.Release|Any CPU.Build.0 = Release|Any CPU
		{5477D8F7-4C17-49AC-88DA-DE25E15C9216}.Release|Any CPU.Deploy.0 = Release|Any CPU
		{5477D8F7-4C17-49AC-88DA-DE25E15C9216}.Release|ARM.ActiveCfg = Release|Any CPU
		{5477D8F7-4C17-49AC-88DA-DE25E15C9216}.Release|ARM.Build.0 = Release|Any CPU
		{5477D8F7-4C17-49AC-88DA-DE25E15C9216}.Release|ARM.Deploy.0 = Release|Any CPU
		{5477D8F7-4C17-49AC-88DA-DE25E15C9216}.Release|iPhone.ActiveCfg = Release|Any CPU
		{5477D8F7-4C17-49AC-88DA-DE25E15C9216}.Release|iPhone.Build.0 = Release|Any CPU
		{5477D8F7-4C17-49AC-88DA-DE25E15C9216}.Release|iPhone.Deploy.0 = Release|Any CPU
		{5477D8F7-4C17-49AC-88DA-DE25E15C9216}.Release|iPhoneSimulator.ActiveCfg = Release|Any CPU
		{5477D8F7-4C17-49AC-88DA-DE25E15C9216}.Release|iPhoneSimulator.Build.0 = Release|Any CPU
		{5477D8F7-4C17-49AC-88DA-DE25E15C9216}.Release|iPhoneSimulator.Deploy.0 = Release|Any CPU
		{5477D8F7-4C17-49AC-88DA-DE25E15C9216}.Release|x64.ActiveCfg = Release|Any CPU
		{5477D8F7-4C17-49AC-88DA-DE25E15C9216}.Release|x64.Build.0 = Release|Any CPU
		{5477D8F7-4C17-49AC-88DA-DE25E15C9216}.Release|x64.Deploy.0 = Release|Any CPU
		{5477D8F7-4C17-49AC-88DA-DE25E15C9216}.Release|x86.ActiveCfg = Release|Any CPU
		{5477D8F7-4C17-49AC-88DA-DE25E15C9216}.Release|x86.Build.0 = Release|Any CPU
		{5477D8F7-4C17-49AC-88DA-DE25E15C9216}.Release|x86.Deploy.0 = Release|Any CPU
	EndGlobalSection
	GlobalSection(SolutionProperties) = preSolution
		HideSolutionNode = FALSE
	EndGlobalSection
	GlobalSection(ExtensibilityGlobals) = postSolution
		SolutionGuid = {C11D2803-24E4-41AC-946B-12C3B4FEB98B}
	EndGlobalSection
EndGlobal
